
Microsoft Visual Studio Solution File, Format Version 12.00
# Visual Studio Version 17
VisualStudioVersion = 17.10.34916.146
MinimumVisualStudioVersion = 10.0.40219.1
Project("{FAE04EC0-301F-11D3-BF4B-00C04F79EFBC}") = "Breadth First Search Tree Contraction", "Breadth First Search Tree Contraction\Breadth First Search Tree Contraction.csproj", "{DAB47214-1E31-4B35-85AC-070183424771}"
EndProject
Global
	GlobalSection(SolutionConfigurationPlatforms) = preSolution
		Debug|Any CPU = Debug|Any CPU
		Release|Any CPU = Release|Any CPU
	EndGlobalSection
	GlobalSection(ProjectConfigurationPlatforms) = postSolution
		{DAB47214-1E31-4B35-85AC-070183424771}.Debug|Any CPU.ActiveCfg = Debug|Any CPU
		{DAB47214-1E31-4B35-85AC-070183424771}.Debug|Any CPU.Build.0 = Debug|Any CPU
		{DAB47214-1E31-4B35-85AC-070183424771}.Release|Any CPU.ActiveCfg = Release|Any CPU
		{DAB47214-1E31-4B35-85AC-070183424771}.Release|Any CPU.Build.0 = Release|Any CPU
	EndGlobalSection
	GlobalSection(SolutionProperties) = preSolution
		HideSolutionNode = FALSE
	EndGlobalSection
	GlobalSection(ExtensibilityGlobals) = postSolution
		SolutionGuid = {66E2DEF0-AABF-43C2-A8D2-94C08A93438A}
	EndGlobalSection
EndGlobal
